Microsoft Visual Studio Solution File, Format Version 12.00
# Visual Studio Version 18
VisualStudioVersion = 18.1.11304.174
MinimumVisualStudioVersion = 10.0.40219.1
Project("{2150E333-8FDC-42A3-9474-1A3956D46DE8}") = "Solution Items", "Solution Items", "{1CD00F91-2013-4FF1-9C4E-49ECFDD77D5E}"
	ProjectSection(SolutionItems) = preProject
		.dockerignore = .dockerignore
		.editorconfig = .editorconfig
		.gitignore = .gitignore
		Directory.Packages.props = Directory.Packages.props
		dotnet-tools.json = dotnet-tools.json
	EndProjectSection
EndProject
Project("{FAE04EC0-301F-11D3-BF4B-00C04F79EFBC}") = "FileUploader.ApiService", "src\server\FileUploader.ApiService\FileUploader.ApiService.csproj", "{53E77879-E892-521C-B523-8133FE0CD63C}"
EndProject
Project("{FAE04EC0-301F-11D3-BF4B-00C04F79EFBC}") = "FileUploader.Data", "src\server\FileUploader.Data\FileUploader.Data.csproj", "{EF18300E-4515-9F1B-CDA7-E7A63470A2EC}"
EndProject
Project("{FAE04EC0-301F-11D3-BF4B-00C04F79EFBC}") = "FileUploader.ServiceDefaults", "src\server\FileUploader.ServiceDefaults\FileUploader.ServiceDefaults.csproj", "{60F6CA79-1393-3499-4B88-0CA31F2C3642}"
EndProject
Project("{FAE04EC0-301F-11D3-BF4B-00C04F79EFBC}") = "FileUploader.AppHost", "src\server\FileUploader.AppHost\FileUploader.AppHost.csproj", "{2ABB1B6C-A2C5-6FD0-7161-DA785C78A27E}"
EndProject
Project("{FAE04EC0-301F-11D3-BF4B-00C04F79EFBC}") = "FileUploader.DbMigrator", "src\server\FileUploader.DbMigrator\FileUploader.DbMigrator.csproj", "{B25EE726-8492-7B07-A455-F073B5CDEC0F}"
EndProject
Project("{FAE04EC0-301F-11D3-BF4B-00C04F79EFBC}") = "FileUploader.VirusScanner", "src\server\FileUploader.VirusScanner\FileUploader.VirusScanner.csproj", "{CD0559D5-2DF9-4052-A605-C32A63BDE6A1}"
EndProject
Project("{FAE04EC0-301F-11D3-BF4B-00C04F79EFBC}") = "FileUploader.IntegrationTests", "tests\server\FileUploader.IntegrationTests\FileUploader.IntegrationTests.csproj", "{12493FED-8DC2-4C27-B1E4-12E1C676DE37}"
EndProject
Global
	GlobalSection(SolutionConfigurationPlatforms) = preSolution
		Debug|Any CPU = Debug|Any CPU
		Release|Any CPU = Release|Any CPU
	EndGlobalSection
	GlobalSection(ProjectConfigurationPlatforms) = postSolution
		{53E77879-E892-521C-B523-8133FE0CD63C}.Debug|Any CPU.ActiveCfg = Debug|Any CPU
		{53E77879-E892-521C-B523-8133FE0CD63C}.Debug|Any CPU.Build.0 = Debug|Any CPU
		{53E77879-E892-521C-B523-8133FE0CD63C}.Release|Any CPU.ActiveCfg = Release|Any CPU
		{53E77879-E892-521C-B523-8133FE0CD63C}.Release|Any CPU.Build.0 = Release|Any CPU
		{EF18300E-4515-9F1B-CDA7-E7A63470A2EC}.Debug|Any CPU.ActiveCfg = Debug|Any CPU
		{EF18300E-4515-9F1B-CDA7-E7A63470A2EC}.Debug|Any CPU.Build.0 = Debug|Any CPU
		{EF18300E-4515-9F1B-CDA7-E7A63470A2EC}.Release|Any CPU.ActiveCfg = Release|Any CPU
		{EF18300E-4515-9F1B-CDA7-E7A63470A2EC}.Release|Any CPU.Build.0 = Release|Any CPU
		{60F6CA79-1393-3499-4B88-0CA31F2C3642}.Debug|Any CPU.ActiveCfg = Debug|Any CPU
		{60F6CA79-1393-3499-4B88-0CA31F2C3642}.Debug|Any CPU.Build.0 = Debug|Any CPU
		{60F6CA79-1393-3499-4B88-0CA31F2C3642}.Release|Any CPU.ActiveCfg = Release|Any CPU
		{60F6CA79-1393-3499-4B88-0CA31F2C3642}.Release|Any CPU.Build.0 = Release|Any CPU
		{2ABB1B6C-A2C5-6FD0-7161-DA785C78A27E}.Debug|Any CPU.ActiveCfg = Debug|Any CPU
		{2ABB1B6C-A2C5-6FD0-7161-DA785C78A27E}.Debug|Any CPU.Build.0 = Debug|Any CPU
		{2ABB1B6C-A2C5-6FD0-7161-DA785C78A27E}.Release|Any CPU.ActiveCfg = Release|Any CPU
		{2ABB1B6C-A2C5-6FD0-7161-DA785C78A27E}.Release|Any CPU.Build.0 = Release|Any CPU
		{B25EE726-8492-7B07-A455-F073B5CDEC0F}.Debug|Any CPU.ActiveCfg = Debug|Any CPU
		{B25EE726-8492-7B07-A455-F073B5CDEC0F}.Debug|Any CPU.Build.0 = Debug|Any CPU
		{B25EE726-8492-7B07-A455-F073B5CDEC0F}.Release|Any CPU.ActiveCfg = Release|Any CPU
		{B25EE726-8492-7B07-A455-F073B5CDEC0F}.Release|Any CPU.Build.0 = Release|Any CPU
		{CD0559D5-2DF9-4052-A605-C32A63BDE6A1}.Debug|Any CPU.ActiveCfg = Debug|Any CPU
		{CD0559D5-2DF9-4052-A605-C32A63BDE6A1}.Debug|Any CPU.Build.0 = Debug|Any CPU
		{CD0559D5-2DF9-4052-A605-C32A63BDE6A1}.Release|Any CPU.ActiveCfg = Release|Any CPU
		{CD0559D5-2DF9-4052-A605-C32A63BDE6A1}.Release|Any CPU.Build.0 = Release|Any CPU
		{12493FED-8DC2-4C27-B1E4-12E1C676DE37}.Debug|Any CPU.ActiveCfg = Debug|Any CPU
		{12493FED-8DC2-4C27-B1E4-12E1C676DE37}.Debug|Any CPU.Build.0 = Debug|Any CPU
		{12493FED-8DC2-4C27-B1E4-12E1C676DE37}.Release|Any CPU.ActiveCfg = Release|Any CPU
		{12493FED-8DC2-4C27-B1E4-12E1C676DE37}.Release|Any CPU.Build.0 = Release|Any CPU
	EndGlobalSection
	GlobalSection(SolutionProperties) = preSolution
		HideSolutionNode = FALSE
	EndGlobalSection
	GlobalSection(ExtensibilityGlobals) = postSolution
		SolutionGuid = {19EE7CCC-031C-49FB-85BC-2C53A8336F4F}
	EndGlobalSection
EndGlobal
